
Microsoft Visual Studio Solution File, Format Version 12.00
# Visual Studio Version 16
VisualStudioVersion = 16.0.29215.179
MinimumVisualStudioVersion = 10.0.40219.1
Project("{FAE04EC0-301F-11D3-BF4B-00C04F79EFBC}") = "RBXLX-to-RBXMX", "RBXLX-to-RBXMX\RBXLX-to-RBXMX.csproj", "{DA51157D-30C5-44B5-B25D-191D22B09E45}"
EndProject
Global
	GlobalSection(SolutionConfigurationPlatforms) = preSolution
		Debug|Any CPU = Debug|Any CPU
		Release|Any CPU = Release|Any CPU
	EndGlobalSection
	GlobalSection(ProjectConfigurationPlatforms) = postSolution
		{DA51157D-30C5-44B5-B25D-191D22B09E45}.Debug|Any CPU.ActiveCfg = Debug|Any CPU
		{DA51157D-30C5-44B5-B25D-191D22B09E45}.Debug|Any CPU.Build.0 = Debug|Any CPU
		{DA51157D-30C5-44B5-B25D-191D22B09E45}.Release|Any CPU.ActiveCfg = Release|Any CPU
		{DA51157D-30C5-44B5-B25D-191D22B09E45}.Release|Any CPU.Build.0 = Release|Any CPU
	EndGlobalSection
	GlobalSection(SolutionProperties) = preSolution
		HideSolutionNode = FALSE
	EndGlobalSection
	GlobalSection(ExtensibilityGlobals) = postSolution
		SolutionGuid = {3029C792-5F49-40BB-8EE8-968D87EAC0BE}
	EndGlobalSection
EndGlobal
